
Microsoft Visual Studio Solution File, Format Version 12.00
# Visual Studio Version 16
VisualStudioVersion = 16.0.810.6
MinimumVisualStudioVersion = 10.0.40219.1
Project("{FAE04EC0-301F-11D3-BF4B-00C04F79EFBC}") = "benh.website", "benh.website\benh.website.csproj", "{FAFF1F5F-35C7-431D-8B9E-CA15FE16C241}"
EndProject
Global
	GlobalSection(SolutionConfigurationPlatforms) = preSolution
		Debug|Any CPU = Debug|Any CPU
		Release|Any CPU = Release|Any CPU
	EndGlobalSection
	GlobalSection(ProjectConfigurationPlatforms) = postSolution
		{FAFF1F5F-35C7-431D-8B9E-CA15FE16C241}.Debug|Any CPU.ActiveCfg = Debug|Any CPU
		{FAFF1F5F-35C7-431D-8B9E-CA15FE16C241}.Debug|Any CPU.Build.0 = Debug|Any CPU
		{FAFF1F5F-35C7-431D-8B9E-CA15FE16C241}.Release|Any CPU.ActiveCfg = Release|Any CPU
		{FAFF1F5F-35C7-431D-8B9E-CA15FE16C241}.Release|Any CPU.Build.0 = Release|Any CPU
	EndGlobalSection
	GlobalSection(SolutionProperties) = preSolution
		HideSolutionNode = FALSE
	EndGlobalSection
	GlobalSection(ExtensibilityGlobals) = postSolution
		SolutionGuid = {3EB43F2F-A245-4586-9E9E-331BF002FA7F}
	EndGlobalSection
EndGlobal
